
Microsoft Visual Studio Solution File, Format Version 12.00
# Visual Studio Version 16
VisualStudioVersion = 16.0.31515.178
MinimumVisualStudioVersion = 10.0.40219.1
Project("{9A19103F-16F7-4668-BE54-9A1E7A4F7556}") = "WebAppCard", "WebAppCard\WebAppCard.csproj", "{EEDBE9D8-4C1B-4A33-97D7-AB0A2AAA869E}"
EndProject
Project("{9A19103F-16F7-4668-BE54-9A1E7A4F7556}") = "WebAppCard.Data", "WebAppCard.Data\WebAppCard.Data.csproj", "{7D28BB81-B6AD-4E8C-AC7E-F37507E49150}"
EndProject
Global
	GlobalSection(SolutionConfigurationPlatforms) = preSolution
		Debug|Any CPU = Debug|Any CPU
		Release|Any CPU = Release|Any CPU
	EndGlobalSection
	GlobalSection(ProjectConfigurationPlatforms) = postSolution
		{EEDBE9D8-4C1B-4A33-97D7-AB0A2AAA869E}.Debug|Any CPU.ActiveCfg = Debug|Any CPU
		{EEDBE9D8-4C1B-4A33-97D7-AB0A2AAA869E}.Debug|Any CPU.Build.0 = Debug|Any CPU
		{EEDBE9D8-4C1B-4A33-97D7-AB0A2AAA869E}.Release|Any CPU.ActiveCfg = Release|Any CPU
		{EEDBE9D8-4C1B-4A33-97D7-AB0A2AAA869E}.Release|Any CPU.Build.0 = Release|Any CPU
		{7D28BB81-B6AD-4E8C-AC7E-F37507E49150}.Debug|Any CPU.ActiveCfg = Debug|Any CPU
		{7D28BB81-B6AD-4E8C-AC7E-F37507E49150}.Debug|Any CPU.Build.0 = Debug|Any CPU
		{7D28BB81-B6AD-4E8C-AC7E-F37507E49150}.Release|Any CPU.ActiveCfg = Release|Any CPU
		{7D28BB81-B6AD-4E8C-AC7E-F37507E49150}.Release|Any CPU.Build.0 = Release|Any CPU
	EndGlobalSection
	GlobalSection(SolutionProperties) = preSolution
		HideSolutionNode = FALSE
	EndGlobalSection
	GlobalSection(ExtensibilityGlobals) = postSolution
		SolutionGuid = {2AE2330C-1D4A-45C6-88F4-D9A49B0BFBFD}
	EndGlobalSection
EndGlobal
